
Microsoft Visual Studio Solution File, Format Version 12.00
# Visual Studio Version 17
VisualStudioVersion = 17.4.33110.190
MinimumVisualStudioVersion = 10.0.40219.1
Project("{2150E333-8FDC-42A3-9474-1A3956D46DE8}") = "FruitBaskets.Users", "FruitBaskets.Users", "{9EA6CF05-EED9-4C54-A2CC-F2C608243422}"
EndProject
Project("{2150E333-8FDC-42A3-9474-1A3956D46DE8}") = "FruitBaskets.Baskets", "FruitBaskets.Baskets", "{ABCC1099-FD31-43BF-A67D-1E2279D6A655}"
EndProject
Project("{2150E333-8FDC-42A3-9474-1A3956D46DE8}") = "FruitBaskets.Products", "FruitBaskets.Products", "{4837924D-2AB5-4E68-BF50-AB0775620B81}"
EndProject
Project("{9A19103F-16F7-4668-BE54-9A1E7A4F7556}") = "FruitBaskets.Products.API", "FruitBaskets.Products\FruitBaskets.Products.API\FruitBaskets.Products.API.csproj", "{01607EF8-A5D6-427D-92DD-08A973DBD3A6}"
EndProject
Project("{9A19103F-16F7-4668-BE54-9A1E7A4F7556}") = "FruitBaskets.Products.Application", "FruitBaskets.Products\FruitBaskets.Products.Application\FruitBaskets.Products.Application.csproj", "{0F508769-8EFF-4323-8DA3-83FDD6CC0793}"
EndProject
Project("{9A19103F-16F7-4668-BE54-9A1E7A4F7556}") = "FruitBaskets.Products.Infrastructure", "FruitBaskets.Products\FruitBaskets.Products.Infrastructure\FruitBaskets.Products.Infrastructure.csproj", "{1931309B-3037-4B57-9153-60499741E487}"
EndProject
Project("{9A19103F-16F7-4668-BE54-9A1E7A4F7556}") = "FruitBaskets.Domain", "FruitBaskets.Products\FruitBaskets.Domain\FruitBaskets.Domain.csproj", "{7F931CD9-1E2F-4192-B2C4-7953253472DE}"
EndProject
Global
	GlobalSection(SolutionConfigurationPlatforms) = preSolution
		Debug|Any CPU = Debug|Any CPU
		Release|Any CPU = Release|Any CPU
	EndGlobalSection
	GlobalSection(ProjectConfigurationPlatforms) = postSolution
		{01607EF8-A5D6-427D-92DD-08A973DBD3A6}.Debug|Any CPU.ActiveCfg = Debug|Any CPU
		{01607EF8-A5D6-427D-92DD-08A973DBD3A6}.Debug|Any CPU.Build.0 = Debug|Any CPU
		{01607EF8-A5D6-427D-92DD-08A973DBD3A6}.Release|Any CPU.ActiveCfg = Release|Any CPU
		{01607EF8-A5D6-427D-92DD-08A973DBD3A6}.Release|Any CPU.Build.0 = Release|Any CPU
		{0F508769-8EFF-4323-8DA3-83FDD6CC0793}.Debug|Any CPU.ActiveCfg = Debug|Any CPU
		{0F508769-8EFF-4323-8DA3-83FDD6CC0793}.Debug|Any CPU.Build.0 = Debug|Any CPU
		{0F508769-8EFF-4323-8DA3-83FDD6CC0793}.Release|Any CPU.ActiveCfg = Release|Any CPU
		{0F508769-8EFF-4323-8DA3-83FDD6CC0793}.Release|Any CPU.Build.0 = Release|Any CPU
		{1931309B-3037-4B57-9153-60499741E487}.Debug|Any CPU.ActiveCfg = Debug|Any CPU
		{1931309B-3037-4B57-9153-60499741E487}.Debug|Any CPU.Build.0 = Debug|Any CPU
		{1931309B-3037-4B57-9153-60499741E487}.Release|Any CPU.ActiveCfg = Release|Any CPU
		{1931309B-3037-4B57-9153-60499741E487}.Release|Any CPU.Build.0 = Release|Any CPU
		{7F931CD9-1E2F-4192-B2C4-7953253472DE}.Debug|Any CPU.ActiveCfg = Debug|Any CPU
		{7F931CD9-1E2F-4192-B2C4-7953253472DE}.Debug|Any CPU.Build.0 = Debug|Any CPU
		{7F931CD9-1E2F-4192-B2C4-7953253472DE}.Release|Any CPU.ActiveCfg = Release|Any CPU
		{7F931CD9-1E2F-4192-B2C4-7953253472DE}.Release|Any CPU.Build.0 = Release|Any CPU
	EndGlobalSection
	GlobalSection(SolutionProperties) = preSolution
		HideSolutionNode = FALSE
	EndGlobalSection
	GlobalSection(NestedProjects) = preSolution
		{01607EF8-A5D6-427D-92DD-08A973DBD3A6} = {4837924D-2AB5-4E68-BF50-AB0775620B81}
		{0F508769-8EFF-4323-8DA3-83FDD6CC0793} = {4837924D-2AB5-4E68-BF50-AB0775620B81}
		{1931309B-3037-4B57-9153-60499741E487} = {4837924D-2AB5-4E68-BF50-AB0775620B81}
		{7F931CD9-1E2F-4192-B2C4-7953253472DE} = {4837924D-2AB5-4E68-BF50-AB0775620B81}
	EndGlobalSection
	GlobalSection(ExtensibilityGlobals) = postSolution
		SolutionGuid = {409A0906-0790-47B6-938B-015AF92FA22C}
	EndGlobalSection
EndGlobal
